
Microsoft Visual Studio Solution File, Format Version 12.00
# Visual Studio Version 16
VisualStudioVersion = 16.0.29806.167
MinimumVisualStudioVersion = 10.0.40219.1
Project("{2150E333-8FDC-42A3-9474-1A3956D46DE8}") = "Application", "Application", "{025090AF-EC93-42A3-9E2C-8C3F7D9B258E}"
EndProject
Project("{2150E333-8FDC-42A3-9474-1A3956D46DE8}") = "Domain", "Domain", "{740FB5EB-B5D5-453A-9DCE-2041AAB2B775}"
EndProject
Project("{2150E333-8FDC-42A3-9474-1A3956D46DE8}") = "Infra.IoC", "Infra.IoC", "{D33EDDBA-25F8-4682-9C91-F6157DAA33AE}"
EndProject
Project("{2150E333-8FDC-42A3-9474-1A3956D46DE8}") = "Infra.Data", "Infra.Data", "{266394AC-F18E-41B8-8EF1-E18CCCE54117}"
EndProject
Project("{2150E333-8FDC-42A3-9474-1A3956D46DE8}") = "Presentation", "Presentation", "{96389993-5FA5-44B3-B8E7-46D4C34C3E76}"
EndProject
Project("{9A19103F-16F7-4668-BE54-9A1E7A4F7556}") = "CleanArch.Mvc", "CleanArch.Mvc\CleanArch.Mvc.csproj", "{6851FEA8-F86A-4A20-B6FF-28C649398B71}"
EndProject
Project("{9A19103F-16F7-4668-BE54-9A1E7A4F7556}") = "CleanArch.Domain", "CleanArch.Domain\CleanArch.Domain.csproj", "{12C70568-08FE-43F2-AB11-DA8B5470C4E8}"
EndProject
Project("{9A19103F-16F7-4668-BE54-9A1E7A4F7556}") = "CleanArch.Infra.Data", "CleanArch.Infra.Data\CleanArch.Infra.Data.csproj", "{B7E3CA97-86AD-47AC-A8B3-25C9465DB668}"
EndProject
Project("{9A19103F-16F7-4668-BE54-9A1E7A4F7556}") = "CleanArch.Application", "CleanArch.Application\CleanArch.Application.csproj", "{276682EA-B471-4602-939A-A8F614675F0B}"
EndProject
Project("{9A19103F-16F7-4668-BE54-9A1E7A4F7556}") = "CleanArch.Infra.IoC", "CleanArch.Infra.IoC\CleanArch.Infra.IoC.csproj", "{E001108E-048D-4A60-99D5-37F7C6DAEA9A}"
EndProject
Project("{2150E333-8FDC-42A3-9474-1A3956D46DE8}") = "Infra.Bus", "Infra.Bus", "{9BADE6A6-5B95-4E2B-89F0-F52EC7185601}"
EndProject
Project("{2150E333-8FDC-42A3-9474-1A3956D46DE8}") = "Api", "Api", "{F7B47003-9133-436B-808C-5499AF0A08EC}"
EndProject
Project("{FAE04EC0-301F-11D3-BF4B-00C04F79EFBC}") = "CleanArch.Infra.Bus", "CleanArch.Infra.Bus\CleanArch.Infra.Bus.csproj", "{5B83904E-BBD5-4D8A-8791-2783171BDE1D}"
EndProject
Project("{FAE04EC0-301F-11D3-BF4B-00C04F79EFBC}") = "CleanArch.Domain.Core", "CleanArch.Domain.Core\CleanArch.Domain.Core.csproj", "{F07105E0-B627-46A6-ABC2-DD37B2A4D02D}"
EndProject
Project("{FAE04EC0-301F-11D3-BF4B-00C04F79EFBC}") = "CleanArch.Api", "CleanArch.Api\CleanArch.Api.csproj", "{2AC3A4C4-630F-4833-998F-299017213490}"
EndProject
Global
	GlobalSection(SolutionConfigurationPlatforms) = preSolution
		Debug|Any CPU = Debug|Any CPU
		Release|Any CPU = Release|Any CPU
	EndGlobalSection
	GlobalSection(ProjectConfigurationPlatforms) = postSolution
		{6851FEA8-F86A-4A20-B6FF-28C649398B71}.Debug|Any CPU.ActiveCfg = Debug|Any CPU
		{6851FEA8-F86A-4A20-B6FF-28C649398B71}.Debug|Any CPU.Build.0 = Debug|Any CPU
		{6851FEA8-F86A-4A20-B6FF-28C649398B71}.Release|Any CPU.ActiveCfg = Release|Any CPU
		{6851FEA8-F86A-4A20-B6FF-28C649398B71}.Release|Any CPU.Build.0 = Release|Any CPU
		{12C70568-08FE-43F2-AB11-DA8B5470C4E8}.Debug|Any CPU.ActiveCfg = Debug|Any CPU
		{12C70568-08FE-43F2-AB11-DA8B5470C4E8}.Debug|Any CPU.Build.0 = Debug|Any CPU
		{12C70568-08FE-43F2-AB11-DA8B5470C4E8}.Release|Any CPU.ActiveCfg = Release|Any CPU
		{12C70568-08FE-43F2-AB11-DA8B5470C4E8}.Release|Any CPU.Build.0 = Release|Any CPU
		{B7E3CA97-86AD-47AC-A8B3-25C9465DB668}.Debug|Any CPU.ActiveCfg = Debug|Any CPU
		{B7E3CA97-86AD-47AC-A8B3-25C9465DB668}.Debug|Any CPU.Build.0 = Debug|Any CPU
		{B7E3CA97-86AD-47AC-A8B3-25C9465DB668}.Release|Any CPU.ActiveCfg = Release|Any CPU
		{B7E3CA97-86AD-47AC-A8B3-25C9465DB668}.Release|Any CPU.Build.0 = Release|Any CPU
		{276682EA-B471-4602-939A-A8F614675F0B}.Debug|Any CPU.ActiveCfg = Debug|Any CPU
		{276682EA-B471-4602-939A-A8F614675F0B}.Debug|Any CPU.Build.0 = Debug|Any CPU
		{276682EA-B471-4602-939A-A8F614675F0B}.Release|Any CPU.ActiveCfg = Release|Any CPU
		{276682EA-B471-4602-939A-A8F614675F0B}.Release|Any CPU.Build.0 = Release|Any CPU
		{E001108E-048D-4A60-99D5-37F7C6DAEA9A}.Debug|Any CPU.ActiveCfg = Debug|Any CPU
		{E001108E-048D-4A60-99D5-37F7C6DAEA9A}.Debug|Any CPU.Build.0 = Debug|Any CPU
		{E001108E-048D-4A60-99D5-37F7C6DAEA9A}.Release|Any CPU.ActiveCfg = Release|Any CPU
		{E001108E-048D-4A60-99D5-37F7C6DAEA9A}.Release|Any CPU.Build.0 = Release|Any CPU
		{5B83904E-BBD5-4D8A-8791-2783171BDE1D}.Debug|Any CPU.ActiveCfg = Debug|Any CPU
		{5B83904E-BBD5-4D8A-8791-2783171BDE1D}.Debug|Any CPU.Build.0 = Debug|Any CPU
		{5B83904E-BBD5-4D8A-8791-2783171BDE1D}.Release|Any CPU.ActiveCfg = Release|Any CPU
		{5B83904E-BBD5-4D8A-8791-2783171BDE1D}.Release|Any CPU.Build.0 = Release|Any CPU
		{F07105E0-B627-46A6-ABC2-DD37B2A4D02D}.Debug|Any CPU.ActiveCfg = Debug|Any CPU
		{F07105E0-B627-46A6-ABC2-DD37B2A4D02D}.Debug|Any CPU.Build.0 = Debug|Any CPU
		{F07105E0-B627-46A6-ABC2-DD37B2A4D02D}.Release|Any CPU.ActiveCfg = Release|Any CPU
		{F07105E0-B627-46A6-ABC2-DD37B2A4D02D}.Release|Any CPU.Build.0 = Release|Any CPU
		{2AC3A4C4-630F-4833-998F-299017213490}.Debug|Any CPU.ActiveCfg = Debug|Any CPU
		{2AC3A4C4-630F-4833-998F-299017213490}.Debug|Any CPU.Build.0 = Debug|Any CPU
		{2AC3A4C4-630F-4833-998F-299017213490}.Release|Any CPU.ActiveCfg = Release|Any CPU
		{2AC3A4C4-630F-4833-998F-299017213490}.Release|Any CPU.Build.0 = Release|Any CPU
	EndGlobalSection
	GlobalSection(SolutionProperties) = preSolution
		HideSolutionNode = FALSE
	EndGlobalSection
	GlobalSection(NestedProjects) = preSolution
		{6851FEA8-F86A-4A20-B6FF-28C649398B71} = {96389993-5FA5-44B3-B8E7-46D4C34C3E76}
		{12C70568-08FE-43F2-AB11-DA8B5470C4E8} = {740FB5EB-B5D5-453A-9DCE-2041AAB2B775}
		{B7E3CA97-86AD-47AC-A8B3-25C9465DB668} = {266394AC-F18E-41B8-8EF1-E18CCCE54117}
		{276682EA-B471-4602-939A-A8F614675F0B} = {025090AF-EC93-42A3-9E2C-8C3F7D9B258E}
		{E001108E-048D-4A60-99D5-37F7C6DAEA9A} = {D33EDDBA-25F8-4682-9C91-F6157DAA33AE}
		{5B83904E-BBD5-4D8A-8791-2783171BDE1D} = {9BADE6A6-5B95-4E2B-89F0-F52EC7185601}
		{F07105E0-B627-46A6-ABC2-DD37B2A4D02D} = {740FB5EB-B5D5-453A-9DCE-2041AAB2B775}
		{2AC3A4C4-630F-4833-998F-299017213490} = {F7B47003-9133-436B-808C-5499AF0A08EC}
	EndGlobalSection
	GlobalSection(ExtensibilityGlobals) = postSolution
		SolutionGuid = {F166A636-CF38-4F53-BA39-854533258E53}
	EndGlobalSection
EndGlobal
